
Microsoft Visual Studio Solution File, Format Version 12.00
# Visual Studio 15
VisualStudioVersion = 15.0.26124.0
MinimumVisualStudioVersion = 15.0.26124.0
Project("{FAE04EC0-301F-11D3-BF4B-00C04F79EFBC}") = "FastNote.Services.Identity", "FastNote.Services.Identity\FastNote.Services.Identity.csproj", "{CC45D7FB-CD67-4E79-8412-D11C77EAA599}"
EndProject
Project("{FAE04EC0-301F-11D3-BF4B-00C04F79EFBC}") = "FastNote.Services.Identity.Tests", "FastNote.Services.Identity.Tests\FastNote.Services.Identity.Tests.csproj", "{F5AD248C-637B-4AA4-ACEC-69BAD83AC319}"
EndProject
Global
	GlobalSection(SolutionConfigurationPlatforms) = preSolution
		Debug|Any CPU = Debug|Any CPU
		Debug|x64 = Debug|x64
		Debug|x86 = Debug|x86
		Release|Any CPU = Release|Any CPU
		Release|x64 = Release|x64
		Release|x86 = Release|x86
	EndGlobalSection
	GlobalSection(SolutionProperties) = preSolution
		HideSolutionNode = FALSE
	EndGlobalSection
	GlobalSection(ProjectConfigurationPlatforms) = postSolution
		{CC45D7FB-CD67-4E79-8412-D11C77EAA599}.Debug|Any CPU.ActiveCfg = Debug|Any CPU
		{CC45D7FB-CD67-4E79-8412-D11C77EAA599}.Debug|Any CPU.Build.0 = Debug|Any CPU
		{CC45D7FB-CD67-4E79-8412-D11C77EAA599}.Debug|x64.ActiveCfg = Debug|Any CPU
		{CC45D7FB-CD67-4E79-8412-D11C77EAA599}.Debug|x64.Build.0 = Debug|Any CPU
		{CC45D7FB-CD67-4E79-8412-D11C77EAA599}.Debug|x86.ActiveCfg = Debug|Any CPU
		{CC45D7FB-CD67-4E79-8412-D11C77EAA599}.Debug|x86.Build.0 = Debug|Any CPU
		{CC45D7FB-CD67-4E79-8412-D11C77EAA599}.Release|Any CPU.ActiveCfg = Release|Any CPU
		{CC45D7FB-CD67-4E79-8412-D11C77EAA599}.Release|Any CPU.Build.0 = Release|Any CPU
		{CC45D7FB-CD67-4E79-8412-D11C77EAA599}.Release|x64.ActiveCfg = Release|Any CPU
		{CC45D7FB-CD67-4E79-8412-D11C77EAA599}.Release|x64.Build.0 = Release|Any CPU
		{CC45D7FB-CD67-4E79-8412-D11C77EAA599}.Release|x86.ActiveCfg = Release|Any CPU
		{CC45D7FB-CD67-4E79-8412-D11C77EAA599}.Release|x86.Build.0 = Release|Any CPU
		{F5AD248C-637B-4AA4-ACEC-69BAD83AC319}.Debug|Any CPU.ActiveCfg = Debug|Any CPU
		{F5AD248C-637B-4AA4-ACEC-69BAD83AC319}.Debug|Any CPU.Build.0 = Debug|Any CPU
		{F5AD248C-637B-4AA4-ACEC-69BAD83AC319}.Debug|x64.ActiveCfg = Debug|Any CPU
		{F5AD248C-637B-4AA4-ACEC-69BAD83AC319}.Debug|x64.Build.0 = Debug|Any CPU
		{F5AD248C-637B-4AA4-ACEC-69BAD83AC319}.Debug|x86.ActiveCfg = Debug|Any CPU
		{F5AD248C-637B-4AA4-ACEC-69BAD83AC319}.Debug|x86.Build.0 = Debug|Any CPU
		{F5AD248C-637B-4AA4-ACEC-69BAD83AC319}.Release|Any CPU.ActiveCfg = Release|Any CPU
		{F5AD248C-637B-4AA4-ACEC-69BAD83AC319}.Release|Any CPU.Build.0 = Release|Any CPU
		{F5AD248C-637B-4AA4-ACEC-69BAD83AC319}.Release|x64.ActiveCfg = Release|Any CPU
		{F5AD248C-637B-4AA4-ACEC-69BAD83AC319}.Release|x64.Build.0 = Release|Any CPU
		{F5AD248C-637B-4AA4-ACEC-69BAD83AC319}.Release|x86.ActiveCfg = Release|Any CPU
		{F5AD248C-637B-4AA4-ACEC-69BAD83AC319}.Release|x86.Build.0 = Release|Any CPU
	EndGlobalSection
EndGlobal
